
Microsoft Visual Studio Solution File, Format Version 12.00
# Visual Studio Version 17
VisualStudioVersion = 17.14.36414.22 d17.14
MinimumVisualStudioVersion = 10.0.40219.1
Project("{FAE04EC0-301F-11D3-BF4B-00C04F79EFBC}") = "PipeSelectorApp", "PipeSelectorApp\PipeSelectorApp.csproj", "{C034B552-CA04-4378-88D1-6229BAE620EC}"
EndProject
Global
	GlobalSection(SolutionConfigurationPlatforms) = preSolution
		Debug|Any CPU = Debug|Any CPU
		Release|Any CPU = Release|Any CPU
	EndGlobalSection
	GlobalSection(ProjectConfigurationPlatforms) = postSolution
		{C034B552-CA04-4378-88D1-6229BAE620EC}.Debug|Any CPU.ActiveCfg = Debug|Any CPU
		{C034B552-CA04-4378-88D1-6229BAE620EC}.Debug|Any CPU.Build.0 = Debug|Any CPU
		{C034B552-CA04-4378-88D1-6229BAE620EC}.Release|Any CPU.ActiveCfg = Release|Any CPU
		{C034B552-CA04-4378-88D1-6229BAE620EC}.Release|Any CPU.Build.0 = Release|Any CPU
	EndGlobalSection
	GlobalSection(SolutionProperties) = preSolution
		HideSolutionNode = FALSE
	EndGlobalSection
	GlobalSection(ExtensibilityGlobals) = postSolution
		SolutionGuid = {6163D678-D7A4-40A9-B1D6-35E9D12F9E3C}
	EndGlobalSection
EndGlobal
